
Microsoft Visual Studio Solution File, Format Version 12.00
# Visual Studio Version 17
VisualStudioVersion = 17.0.31903.59
MinimumVisualStudioVersion = 10.0.40219.1
Project("{F2A71F9B-5D33-465A-A702-920D77279786}") = "AutumnBot.Core", "AutumnBot.Core\AutumnBot.Core.fsproj", "{388391A2-02C2-4965-BA89-6C61C59B5173}"
EndProject
Project("{F2A71F9B-5D33-465A-A702-920D77279786}") = "AutumnBot.Service", "AutumnBot.Service\AutumnBot.Service.fsproj", "{2695258A-94D0-42A6-B14B-E4E0029A0890}"
EndProject
Project("{2150E333-8FDC-42A3-9474-1A3956D46DE8}") = "AutumnBot.Service", "AutumnBot.Service", "{6ED17DF7-7875-4909-B9E1-85D2E0EECC8B}"
EndProject
Project("{F2A71F9B-5D33-465A-A702-920D77279786}") = "AutumnBot.Service.QQ", "AutumnBot.Service\AutumnBot.Service.QQ\AutumnBot.Service.QQ.fsproj", "{45460467-FA53-4AF4-ABD1-39D8FADB7439}"
EndProject
Project("{F2A71F9B-5D33-465A-A702-920D77279786}") = "AutumnBot.Plugin", "AutumnBot.Plugin\AutumnBot.Plugin.fsproj", "{A19D7C7C-0D3B-432F-A700-FB6B3D92D82F}"
EndProject
Global
	GlobalSection(SolutionConfigurationPlatforms) = preSolution
		Debug|Any CPU = Debug|Any CPU
		Release|Any CPU = Release|Any CPU
	EndGlobalSection
	GlobalSection(SolutionProperties) = preSolution
		HideSolutionNode = FALSE
	EndGlobalSection
	GlobalSection(ProjectConfigurationPlatforms) = postSolution
		{388391A2-02C2-4965-BA89-6C61C59B5173}.Debug|Any CPU.ActiveCfg = Debug|Any CPU
		{388391A2-02C2-4965-BA89-6C61C59B5173}.Debug|Any CPU.Build.0 = Debug|Any CPU
		{388391A2-02C2-4965-BA89-6C61C59B5173}.Release|Any CPU.ActiveCfg = Release|Any CPU
		{388391A2-02C2-4965-BA89-6C61C59B5173}.Release|Any CPU.Build.0 = Release|Any CPU
		{2695258A-94D0-42A6-B14B-E4E0029A0890}.Debug|Any CPU.ActiveCfg = Debug|Any CPU
		{2695258A-94D0-42A6-B14B-E4E0029A0890}.Debug|Any CPU.Build.0 = Debug|Any CPU
		{2695258A-94D0-42A6-B14B-E4E0029A0890}.Release|Any CPU.ActiveCfg = Release|Any CPU
		{2695258A-94D0-42A6-B14B-E4E0029A0890}.Release|Any CPU.Build.0 = Release|Any CPU
		{45460467-FA53-4AF4-ABD1-39D8FADB7439}.Debug|Any CPU.ActiveCfg = Debug|Any CPU
		{45460467-FA53-4AF4-ABD1-39D8FADB7439}.Debug|Any CPU.Build.0 = Debug|Any CPU
		{45460467-FA53-4AF4-ABD1-39D8FADB7439}.Release|Any CPU.ActiveCfg = Release|Any CPU
		{45460467-FA53-4AF4-ABD1-39D8FADB7439}.Release|Any CPU.Build.0 = Release|Any CPU
		{A19D7C7C-0D3B-432F-A700-FB6B3D92D82F}.Debug|Any CPU.ActiveCfg = Debug|Any CPU
		{A19D7C7C-0D3B-432F-A700-FB6B3D92D82F}.Debug|Any CPU.Build.0 = Debug|Any CPU
		{A19D7C7C-0D3B-432F-A700-FB6B3D92D82F}.Release|Any CPU.ActiveCfg = Release|Any CPU
		{A19D7C7C-0D3B-432F-A700-FB6B3D92D82F}.Release|Any CPU.Build.0 = Release|Any CPU
	EndGlobalSection
	GlobalSection(NestedProjects) = preSolution
		{2695258A-94D0-42A6-B14B-E4E0029A0890} = {6ED17DF7-7875-4909-B9E1-85D2E0EECC8B}
		{45460467-FA53-4AF4-ABD1-39D8FADB7439} = {6ED17DF7-7875-4909-B9E1-85D2E0EECC8B}
	EndGlobalSection
EndGlobal
